
Microsoft Visual Studio Solution File, Format Version 12.00
# Visual Studio Version 17
VisualStudioVersion = 17.5.33530.505
MinimumVisualStudioVersion = 10.0.40219.1
Project("{FAE04EC0-301F-11D3-BF4B-00C04F79EFBC}") = "014_sorting", "014_sorting\014_sorting.csproj", "{122D6A11-E881-4CE6-8008-2987B2330044}"
EndProject
Global
	GlobalSection(SolutionConfigurationPlatforms) = preSolution
		Debug|Any CPU = Debug|Any CPU
		Release|Any CPU = Release|Any CPU
	EndGlobalSection
	GlobalSection(ProjectConfigurationPlatforms) = postSolution
		{122D6A11-E881-4CE6-8008-2987B2330044}.Debug|Any CPU.ActiveCfg = Debug|Any CPU
		{122D6A11-E881-4CE6-8008-2987B2330044}.Debug|Any CPU.Build.0 = Debug|Any CPU
		{122D6A11-E881-4CE6-8008-2987B2330044}.Release|Any CPU.ActiveCfg = Release|Any CPU
		{122D6A11-E881-4CE6-8008-2987B2330044}.Release|Any CPU.Build.0 = Release|Any CPU
	EndGlobalSection
	GlobalSection(SolutionProperties) = preSolution
		HideSolutionNode = FALSE
	EndGlobalSection
	GlobalSection(ExtensibilityGlobals) = postSolution
		SolutionGuid = {9441514F-80FF-451B-8356-FA304784E612}
	EndGlobalSection
EndGlobal
