
Microsoft Visual Studio Solution File, Format Version 12.00
# Visual Studio Version 17
VisualStudioVersion = 17.5.33530.505
MinimumVisualStudioVersion = 10.0.40219.1
Project("{FAE04EC0-301F-11D3-BF4B-00C04F79EFBC}") = "013_chaineMatrixMultiplication", "013_chaineMatrixMultiplication\013_chaineMatrixMultiplication.csproj", "{60EADC29-64BC-4414-BA4C-93A013417EF0}"
EndProject
Global
	GlobalSection(SolutionConfigurationPlatforms) = preSolution
		Debug|Any CPU = Debug|Any CPU
		Release|Any CPU = Release|Any CPU
	EndGlobalSection
	GlobalSection(ProjectConfigurationPlatforms) = postSolution
		{60EADC29-64BC-4414-BA4C-93A013417EF0}.Debug|Any CPU.ActiveCfg = Debug|Any CPU
		{60EADC29-64BC-4414-BA4C-93A013417EF0}.Debug|Any CPU.Build.0 = Debug|Any CPU
		{60EADC29-64BC-4414-BA4C-93A013417EF0}.Release|Any CPU.ActiveCfg = Release|Any CPU
		{60EADC29-64BC-4414-BA4C-93A013417EF0}.Release|Any CPU.Build.0 = Release|Any CPU
	EndGlobalSection
	GlobalSection(SolutionProperties) = preSolution
		HideSolutionNode = FALSE
	EndGlobalSection
	GlobalSection(ExtensibilityGlobals) = postSolution
		SolutionGuid = {906E680D-819C-4574-8D18-4D70C86479EF}
	EndGlobalSection
EndGlobal
